
Microsoft Visual Studio Solution File, Format Version 12.00
# Visual Studio Version 17
VisualStudioVersion = 17.1.32328.378
MinimumVisualStudioVersion = 10.0.40219.1
Project("{FAE04EC0-301F-11D3-BF4B-00C04F79EFBC}") = "zadanie2", "zadanie2\zadanie2.csproj", "{D7EB3BED-6134-4AC2-90AD-8846B5564C86}"
EndProject
Global
	GlobalSection(SolutionConfigurationPlatforms) = preSolution
		Debug|Any CPU = Debug|Any CPU
		Release|Any CPU = Release|Any CPU
	EndGlobalSection
	GlobalSection(ProjectConfigurationPlatforms) = postSolution
		{D7EB3BED-6134-4AC2-90AD-8846B5564C86}.Debug|Any CPU.ActiveCfg = Debug|Any CPU
		{D7EB3BED-6134-4AC2-90AD-8846B5564C86}.Debug|Any CPU.Build.0 = Debug|Any CPU
		{D7EB3BED-6134-4AC2-90AD-8846B5564C86}.Release|Any CPU.ActiveCfg = Release|Any CPU
		{D7EB3BED-6134-4AC2-90AD-8846B5564C86}.Release|Any CPU.Build.0 = Release|Any CPU
	EndGlobalSection
	GlobalSection(SolutionProperties) = preSolution
		HideSolutionNode = FALSE
	EndGlobalSection
	GlobalSection(ExtensibilityGlobals) = postSolution
		SolutionGuid = {4F754E5C-FCCA-41BC-A8D5-AC56AFA274F3}
	EndGlobalSection
EndGlobal
