
Microsoft Visual Studio Solution File, Format Version 12.00
# Visual Studio Version 17
VisualStudioVersion = 17.1.32328.378
MinimumVisualStudioVersion = 10.0.40219.1
Project("{FAE04EC0-301F-11D3-BF4B-00C04F79EFBC}") = "zadanie5", "zadanie5\zadanie5.csproj", "{823AF721-3488-4594-8421-B83A05D93B99}"
EndProject
Global
	GlobalSection(SolutionConfigurationPlatforms) = preSolution
		Debug|Any CPU = Debug|Any CPU
		Release|Any CPU = Release|Any CPU
	EndGlobalSection
	GlobalSection(ProjectConfigurationPlatforms) = postSolution
		{823AF721-3488-4594-8421-B83A05D93B99}.Debug|Any CPU.ActiveCfg = Debug|Any CPU
		{823AF721-3488-4594-8421-B83A05D93B99}.Debug|Any CPU.Build.0 = Debug|Any CPU
		{823AF721-3488-4594-8421-B83A05D93B99}.Release|Any CPU.ActiveCfg = Release|Any CPU
		{823AF721-3488-4594-8421-B83A05D93B99}.Release|Any CPU.Build.0 = Release|Any CPU
	EndGlobalSection
	GlobalSection(SolutionProperties) = preSolution
		HideSolutionNode = FALSE
	EndGlobalSection
	GlobalSection(ExtensibilityGlobals) = postSolution
		SolutionGuid = {2DBB0422-908C-4877-A565-D98382B2A933}
	EndGlobalSection
EndGlobal
