
Microsoft Visual Studio Solution File, Format Version 12.00
# Visual Studio Version 16
VisualStudioVersion = 16.0.32228.343
MinimumVisualStudioVersion = 10.0.40219.1
Project("{FAE04EC0-301F-11D3-BF4B-00C04F79EFBC}") = "zadanie2", "zadanie2\zadanie2.csproj", "{59D4DF78-0061-4282-9071-52B1FB27F62A}"
EndProject
Project("{FAE04EC0-301F-11D3-BF4B-00C04F79EFBC}") = "Tests", "Tests\Tests.csproj", "{9F6609A9-C10E-4532-A9D2-2BE5D4C33ECF}"
EndProject
Global
	GlobalSection(SolutionConfigurationPlatforms) = preSolution
		Debug|Any CPU = Debug|Any CPU
		Release|Any CPU = Release|Any CPU
	EndGlobalSection
	GlobalSection(ProjectConfigurationPlatforms) = postSolution
		{59D4DF78-0061-4282-9071-52B1FB27F62A}.Debug|Any CPU.ActiveCfg = Debug|Any CPU
		{59D4DF78-0061-4282-9071-52B1FB27F62A}.Debug|Any CPU.Build.0 = Debug|Any CPU
		{59D4DF78-0061-4282-9071-52B1FB27F62A}.Release|Any CPU.ActiveCfg = Release|Any CPU
		{59D4DF78-0061-4282-9071-52B1FB27F62A}.Release|Any CPU.Build.0 = Release|Any CPU
		{9F6609A9-C10E-4532-A9D2-2BE5D4C33ECF}.Debug|Any CPU.ActiveCfg = Debug|Any CPU
		{9F6609A9-C10E-4532-A9D2-2BE5D4C33ECF}.Debug|Any CPU.Build.0 = Debug|Any CPU
		{9F6609A9-C10E-4532-A9D2-2BE5D4C33ECF}.Release|Any CPU.ActiveCfg = Release|Any CPU
		{9F6609A9-C10E-4532-A9D2-2BE5D4C33ECF}.Release|Any CPU.Build.0 = Release|Any CPU
	EndGlobalSection
	GlobalSection(SolutionProperties) = preSolution
		HideSolutionNode = FALSE
	EndGlobalSection
	GlobalSection(ExtensibilityGlobals) = postSolution
		SolutionGuid = {BD61565D-E574-45FB-8F94-769E6410A4D3}
	EndGlobalSection
EndGlobal
