
Microsoft Visual Studio Solution File, Format Version 12.00
# Visual Studio Version 16
VisualStudioVersion = 16.0.32228.343
MinimumVisualStudioVersion = 10.0.40219.1
Project("{FAE04EC0-301F-11D3-BF4B-00C04F79EFBC}") = "test", "test\test.csproj", "{0837B85E-EDBC-4BC2-A89A-1908B369C014}"
EndProject
Project("{9A19103F-16F7-4668-BE54-9A1E7A4F7556}") = "Singleton", "Singleton\Singleton.csproj", "{998DCD7E-697D-4353-B04E-9721F3BB7817}"
EndProject
Global
	GlobalSection(SolutionConfigurationPlatforms) = preSolution
		Debug|Any CPU = Debug|Any CPU
		Release|Any CPU = Release|Any CPU
	EndGlobalSection
	GlobalSection(ProjectConfigurationPlatforms) = postSolution
		{0837B85E-EDBC-4BC2-A89A-1908B369C014}.Debug|Any CPU.ActiveCfg = Debug|Any CPU
		{0837B85E-EDBC-4BC2-A89A-1908B369C014}.Debug|Any CPU.Build.0 = Debug|Any CPU
		{0837B85E-EDBC-4BC2-A89A-1908B369C014}.Release|Any CPU.ActiveCfg = Release|Any CPU
		{0837B85E-EDBC-4BC2-A89A-1908B369C014}.Release|Any CPU.Build.0 = Release|Any CPU
		{998DCD7E-697D-4353-B04E-9721F3BB7817}.Debug|Any CPU.ActiveCfg = Debug|Any CPU
		{998DCD7E-697D-4353-B04E-9721F3BB7817}.Debug|Any CPU.Build.0 = Debug|Any CPU
		{998DCD7E-697D-4353-B04E-9721F3BB7817}.Release|Any CPU.ActiveCfg = Release|Any CPU
		{998DCD7E-697D-4353-B04E-9721F3BB7817}.Release|Any CPU.Build.0 = Release|Any CPU
	EndGlobalSection
	GlobalSection(SolutionProperties) = preSolution
		HideSolutionNode = FALSE
	EndGlobalSection
	GlobalSection(ExtensibilityGlobals) = postSolution
		SolutionGuid = {E60D5E2C-8928-4ED3-9DED-5E8E6321497A}
	EndGlobalSection
EndGlobal
