
Microsoft Visual Studio Solution File, Format Version 12.00
# Visual Studio Version 17
VisualStudioVersion = 17.1.32328.378
MinimumVisualStudioVersion = 10.0.40219.1
Project("{FAE04EC0-301F-11D3-BF4B-00C04F79EFBC}") = "zadanie 1", "zadanie 1\zadanie 1.csproj", "{663EE1CF-1D33-4BFF-A425-BF2AFFC06FEB}"
EndProject
Global
	GlobalSection(SolutionConfigurationPlatforms) = preSolution
		Debug|Any CPU = Debug|Any CPU
		Release|Any CPU = Release|Any CPU
	EndGlobalSection
	GlobalSection(ProjectConfigurationPlatforms) = postSolution
		{663EE1CF-1D33-4BFF-A425-BF2AFFC06FEB}.Debug|Any CPU.ActiveCfg = Debug|Any CPU
		{663EE1CF-1D33-4BFF-A425-BF2AFFC06FEB}.Debug|Any CPU.Build.0 = Debug|Any CPU
		{663EE1CF-1D33-4BFF-A425-BF2AFFC06FEB}.Release|Any CPU.ActiveCfg = Release|Any CPU
		{663EE1CF-1D33-4BFF-A425-BF2AFFC06FEB}.Release|Any CPU.Build.0 = Release|Any CPU
	EndGlobalSection
	GlobalSection(SolutionProperties) = preSolution
		HideSolutionNode = FALSE
	EndGlobalSection
	GlobalSection(ExtensibilityGlobals) = postSolution
		SolutionGuid = {34CD0D7E-49E2-45C9-A146-9D00BAFCCC32}
	EndGlobalSection
EndGlobal
